
Microsoft Visual Studio Solution File, Format Version 12.00
# Visual Studio 2017
Project("{FAE04EC0-301F-11D3-BF4B-00C04F79EFBC}") = "Bosca Ceoil 2.0 and more", "Bosca Ceoil 2.0 and more.csproj", "{246CCE1C-B960-B30E-2F8E-500392864E69}"
EndProject
Global
	GlobalSection(SolutionConfigurationPlatforms) = preSolution
		Debug|Any CPU = Debug|Any CPU
		Release|Any CPU = Release|Any CPU
	EndGlobalSection
	GlobalSection(ProjectConfigurationPlatforms) = postSolution
		{246CCE1C-B960-B30E-2F8E-500392864E69}.Debug|Any CPU.ActiveCfg = Debug|Any CPU
		{246CCE1C-B960-B30E-2F8E-500392864E69}.Debug|Any CPU.Build.0 = Debug|Any CPU
		{246CCE1C-B960-B30E-2F8E-500392864E69}.Release|Any CPU.ActiveCfg = Release|Any CPU
		{246CCE1C-B960-B30E-2F8E-500392864E69}.Release|Any CPU.Build.0 = Release|Any CPU
	EndGlobalSection
	GlobalSection(SolutionProperties) = preSolution
		HideSolutionNode = FALSE
	EndGlobalSection
EndGlobal
